
Microsoft Visual Studio Solution File, Format Version 12.00
# Visual Studio Version 17
VisualStudioVersion = 17.4.33213.308
MinimumVisualStudioVersion = 10.0.40219.1
Project("{FAE04EC0-301F-11D3-BF4B-00C04F79EFBC}") = "KeywordsPart1", "KeywordsPart1\KeywordsPart1.csproj", "{4C71B261-BDF5-49FE-B9C4-D1E512D8FFC0}"
EndProject
Global
	GlobalSection(SolutionConfigurationPlatforms) = preSolution
		Debug|Any CPU = Debug|Any CPU
		Release|Any CPU = Release|Any CPU
	EndGlobalSection
	GlobalSection(ProjectConfigurationPlatforms) = postSolution
		{4C71B261-BDF5-49FE-B9C4-D1E512D8FFC0}.Debug|Any CPU.ActiveCfg = Debug|Any CPU
		{4C71B261-BDF5-49FE-B9C4-D1E512D8FFC0}.Debug|Any CPU.Build.0 = Debug|Any CPU
		{4C71B261-BDF5-49FE-B9C4-D1E512D8FFC0}.Release|Any CPU.ActiveCfg = Release|Any CPU
		{4C71B261-BDF5-49FE-B9C4-D1E512D8FFC0}.Release|Any CPU.Build.0 = Release|Any CPU
	EndGlobalSection
	GlobalSection(SolutionProperties) = preSolution
		HideSolutionNode = FALSE
	EndGlobalSection
	GlobalSection(ExtensibilityGlobals) = postSolution
		SolutionGuid = {2D03DD15-4134-419C-9230-79E35C89147D}
	EndGlobalSection
EndGlobal
